{
  "name": "shop",
  "version": "1.0.0",
  "lockfileVersion": 3,
  "requires": true,
  "packages": {
    "": {
      "name": "shop",
      "version": "1.0.0",
      "dependencies": {
        "is-number": "7.0.0",
        "left-pad": "github:stevemao/left-pad#v1.3.0"
      }
    },
    "node_modules/is-number": {
      "version": "7.0.0",
      "resolved": "https://registry.npmjs.org/is-number/-/is-number-7.0.0.tgz",
      "integrity": "sha512-41Cifkg6e8TylSpdtTpeLVMqvSBEVzTttHvERD741+pnZ8ANv0004MRL43QKPDlK9cGvNp6NZWZUBlbGXYxxng=="
    },
    "node_modules/left-pad": {
      "version": "1.3.0",
      "resolved": "git+ssh://git@github.com/stevemao/left-pad.git#5ce9a0b2c4e1ff8e5ac3d1bd8a3a7a83f8fe9a13",
      "license": "WTFPL"
    }
  }
}
