# This file is automatically @generated by Cargo.
# It is not intended for manual editing.
version = 4

[[package]]
name = "app"
version = "0.1.0"
dependencies = [
 "itoa",
]

[[package]]
name = "itoa"
version = "1.0.11"
source = "git+https://github.com/dtolnay/itoa?tag=1.0.11#0ae9e3ee6c11d6d1e04c44e7cd5ea8bd6fa61b3b"
