{
  "name": "shop",
  "version": "1.0.0",
  "lockfileVersion": 3,
  "requires": true,
  "packages": {
    "": {
      "name": "shop",
      "version": "1.0.0",
      "dependencies": {
        "@acme/billing": "2.0.0",
        "is-number": "7.0.0"
      }
    },
    "node_modules/@acme/billing": {
      "version": "2.0.0",
      "resolved": "https://npm.acme.internal/@acme/billing/-/billing-2.0.0.tgz",
      "integrity": "sha512-E2XH+yT54hTzsyZE9OqFm8jdcRNhQErFtf1eUd4vmHO0h0uzhPk1emBk7M9EPXu+6Aunk6M7s+rFmN6clAvy2w=="
    },
    "node_modules/is-number": {
      "version": "7.0.0",
      "resolved": "https://registry.npmjs.org/is-number/-/is-number-7.0.0.tgz",
      "integrity": "sha512-41Cifkg6e8TylSpdtTpeLVMqvSBEVzTttHvERD741+pnZ8ANv0004MRL43QKPDlK9cGvNp6NZWZUBlbGXYxxng=="
    }
  }
}
