{
  "name": "shop",
  "version": "1.0.0",
  "lockfileVersion": 3,
  "requires": true,
  "packages": {
    "": {
      "name": "shop",
      "version": "1.0.0",
      "dependencies": {
        "csv-row-guard": "1.2.0",
        "is-number": "7.0.0"
      }
    },
    "node_modules/csv-row-guard": {
      "version": "1.2.0",
      "resolved": "https://registry.npmjs.org/csv-row-guard/-/csv-row-guard-1.2.0.tgz",
      "integrity": "sha512-VmoWeV3ifLc5YlybDZoix6E5n/t8FjXuaNgFwBfdX9tVntWv4cxDjGtedTjKxB9QX1QF2tNl1avHeQ4qFtUvkw=="
    },
    "node_modules/is-number": {
      "version": "7.0.0",
      "resolved": "https://registry.npmjs.org/is-number/-/is-number-7.0.0.tgz",
      "integrity": "sha512-41Cifkg6e8TylSpdtTpeLVMqvSBEVzTttHvERD741+pnZ8ANv0004MRL43QKPDlK9cGvNp6NZWZUBlbGXYxxng=="
    }
  }
}
