{
  "name": "shop",
  "version": "1.0.0",
  "lockfileVersion": 3,
  "requires": true,
  "packages": {
    "": {
      "name": "shop",
      "version": "1.0.0",
      "dependencies": {
        "is-number": "7.0.0",
        "ledger-core": "file:vendor/ledger-core-1.0.0.tgz"
      }
    },
    "node_modules/is-number": {
      "version": "7.0.0",
      "resolved": "https://registry.npmjs.org/is-number/-/is-number-7.0.0.tgz",
      "integrity": "sha512-41Cifkg6e8TylSpdtTpeLVMqvSBEVzTttHvERD741+pnZ8ANv0004MRL43QKPDlK9cGvNp6NZWZUBlbGXYxxng=="
    },
    "node_modules/ledger-core": {
      "version": "1.0.0",
      "resolved": "file:vendor/ledger-core-1.0.0.tgz",
      "integrity": "sha512-jJ6T3c8QwQUevdfSaXQAOlSbeg4n/DsYUgbbFMMllmMB012rIKqhujs2Uitr9zloLqVsdwge1F5uuQ0bjCpwpw=="
    }
  }
}
